<?xml version="1.0" encoding="utf-8"?>
<Project ToolsVersion="4.0" xmlns="http://schemas.microsoft.com/developer/msbuild/2003">
  <ItemGroup>
    <ClCompile Include="main.cpp">
      <Filter>Source Files</Filter>
    </ClCompile>
    <ClCompile Include="model_learn.cpp">
      <Filter>Source Files</Filter>
    </ClCompile>
    <ClCompile Include="..\common\atom_extractor.cpp">
      <Filter>Source Files</Filter>
    </ClCompile>
    <ClCompile Include="..\common\aa_atoms.cpp">
      <Filter>Source Files</Filter>
    </ClCompile>
    <ClCompile Include="..\common\model.cpp">
      <Filter>Source Files</Filter>
    </ClCompile>
    <ClCompile Include="..\core\utils.cpp">
      <Filter>Source Files</Filter>
    </ClCompile>
    <ClCompile Include="..\core\io.cpp">
      <Filter>Source Files</Filter>
    </ClCompile>
    <ClCompile Include="..\parsers\cif.cpp">
      <Filter>Source Files</Filter>
    </ClCompile>
    <ClCompile Include="..\parsers\conversion.cpp">
      <Filter>Source Files</Filter>
    </ClCompile>
    <ClCompile Include="..\parsers\input.cpp">
      <Filter>Source Files</Filter>
    </ClCompile>
  </ItemGroup>
  <ItemGroup>
    <Filter Include="Header Files">
      <UniqueIdentifier>{ab74f52f-ed57-433d-a4ec-537edb7b2b7b}</UniqueIdentifier>
    </Filter>
    <Filter Include="Source Files">
      <UniqueIdentifier>{d264b138-3449-4e3c-93b0-548c4e35c011}</UniqueIdentifier>
    </Filter>
    <Filter Include="Library Files">
      <UniqueIdentifier>{a811af89-0425-4088-8002-2a1d371aee73}</UniqueIdentifier>
    </Filter>
  </ItemGroup>
  <ItemGroup>
    <ClInclude Include="model_learn.h">
      <Filter>Header Files</Filter>
    </ClInclude>
    <ClInclude Include="..\common\atom_extractor.h">
      <Filter>Header Files</Filter>
    </ClInclude>
    <ClInclude Include="..\common\aa_atoms.h">
      <Filter>Header Files</Filter>
    </ClInclude>
    <ClInclude Include="..\common\model.h">
      <Filter>Header Files</Filter>
    </ClInclude>
    <ClInclude Include="..\common\init_model.hpp">
      <Filter>Header Files</Filter>
    </ClInclude>
    <ClInclude Include="..\common\tetrahedron.h">
      <Filter>Header Files</Filter>
    </ClInclude>
    <ClInclude Include="kmeans.h">
      <Filter>Header Files</Filter>
    </ClInclude>
    <ClInclude Include="..\core\utils.h">
      <Filter>Header Files</Filter>
    </ClInclude>
    <ClInclude Include="..\core\io.h">
      <Filter>Header Files</Filter>
    </ClInclude>
    <ClInclude Include="..\parsers\cif.h">
      <Filter>Header Files</Filter>
    </ClInclude>
    <ClInclude Include="..\parsers\columns.h">
      <Filter>Header Files</Filter>
    </ClInclude>
    <ClInclude Include="..\parsers\conversion.h">
      <Filter>Header Files</Filter>
    </ClInclude>
    <ClInclude Include="..\parsers\entries.h">
      <Filter>Header Files</Filter>
    </ClInclude>
    <ClInclude Include="..\parsers\input.h">
      <Filter>Header Files</Filter>
    </ClInclude>
  </ItemGroup>
</Project>