<?xml version="1.0" encoding="utf-8"?>
<Project ToolsVersion="4.0" xmlns="http://schemas.microsoft.com/developer/msbuild/2003">
  <ItemGroup>
    <Filter Include="Source Files">
      <UniqueIdentifier>{4FC737F1-C7A5-4376-A066-2A32D752A2FF}</UniqueIdentifier>
      <Extensions>cpp;c;cc;cxx;c++;cppm;ixx;def;odl;idl;hpj;bat;asm;asmx</Extensions>
    </Filter>
    <Filter Include="Resource Files">
      <UniqueIdentifier>{67DA6AB6-F800-4c08-8B7A-83BB121AAD01}</UniqueIdentifier>
      <Extensions>rc;ico;cur;bmp;dlg;rc2;rct;bin;rgs;gif;jpg;jpeg;jpe;resx;tiff;tif;png;wav;mfcribbon-ms</Extensions>
    </Filter>
    <Filter Include="Header Files">
      <UniqueIdentifier>{9e3ec7e0-70d7-4d32-bdcf-ef5f6711b378}</UniqueIdentifier>
    </Filter>
    <Filter Include="Library Files">
      <UniqueIdentifier>{2706f248-4c30-480c-98d4-10298133e88f}</UniqueIdentifier>
    </Filter>
  </ItemGroup>
  <ItemGroup>
    <ClCompile Include="..\common\model.cpp">
      <Filter>Source Files</Filter>
    </ClCompile>
    <ClCompile Include="..\common\aa_atoms.cpp">
      <Filter>Source Files</Filter>
    </ClCompile>
    <ClCompile Include="..\common\atom_extractor.cpp">
      <Filter>Source Files</Filter>
    </ClCompile>
    <ClCompile Include="..\app\main.cpp">
      <Filter>Source Files</Filter>
    </ClCompile>
    <ClCompile Include="..\core\collection.cpp">
      <Filter>Source Files</Filter>
    </ClCompile>
    <ClCompile Include="..\compressors\serializer.cpp">
      <Filter>Source Files</Filter>
    </ClCompile>
    <ClCompile Include="..\compressors\model_compress.cpp">
      <Filter>Source Files</Filter>
    </ClCompile>
    <ClCompile Include="..\core\psa_base.cpp">
      <Filter>Source Files</Filter>
    </ClCompile>
    <ClCompile Include="..\core\psa_compressor.cpp">
      <Filter>Source Files</Filter>
    </ClCompile>
    <ClCompile Include="..\core\psa_decompression_library.cpp">
      <Filter>Source Files</Filter>
    </ClCompile>
    <ClCompile Include="..\core\psa_decompressor.cpp">
      <Filter>Source Files</Filter>
    </ClCompile>
    <ClCompile Include="..\parsers\json.cpp">
      <Filter>Source Files</Filter>
    </ClCompile>
    <ClCompile Include="..\compressors\pae-compressor.cpp">
      <Filter>Source Files</Filter>
    </ClCompile>
    <ClCompile Include="..\compressors\struct-compressor.cpp">
      <Filter>Source Files</Filter>
    </ClCompile>
    <ClCompile Include="..\core\utils.cpp">
      <Filter>Source Files</Filter>
    </ClCompile>
    <ClCompile Include="..\compressors\conf-compressor.cpp">
      <Filter>Source Files</Filter>
    </ClCompile>
    <ClCompile Include="..\parsers\conversion.cpp">
      <Filter>Source Files</Filter>
    </ClCompile>
    <ClCompile Include="..\3rd-party\mimalloc\src\static.c">
      <Filter>Library Files</Filter>
    </ClCompile>
    <ClCompile Include="..\parsers\json-base.cpp">
      <Filter>Source Files</Filter>
    </ClCompile>
    <ClCompile Include="..\compressors\struct-decompressor.cpp">
      <Filter>Source Files</Filter>
    </ClCompile>
    <ClCompile Include="..\compressors\struct-base.cpp">
      <Filter>Source Files</Filter>
    </ClCompile>
    <ClCompile Include="..\parsers\input-load.cpp">
      <Filter>Source Files</Filter>
    </ClCompile>
    <ClCompile Include="..\parsers\cif-input.cpp">
      <Filter>Source Files</Filter>
    </ClCompile>
    <ClCompile Include="..\parsers\cif-output.cpp">
      <Filter>Source Files</Filter>
    </ClCompile>
    <ClCompile Include="..\parsers\pdb-input.cpp">
      <Filter>Source Files</Filter>
    </ClCompile>
    <ClCompile Include="..\parsers\pdb-output.cpp">
      <Filter>Source Files</Filter>
    </ClCompile>
    <ClCompile Include="..\parsers\json-io.cpp">
      <Filter>Source Files</Filter>
    </ClCompile>
  </ItemGroup>
  <ItemGroup>
    <ClInclude Include="..\common\model.h">
      <Filter>Header Files</Filter>
    </ClInclude>
    <ClInclude Include="..\common\aa_atoms.h">
      <Filter>Header Files</Filter>
    </ClInclude>
    <ClInclude Include="..\common\atom_extractor.h">
      <Filter>Header Files</Filter>
    </ClInclude>
    <ClInclude Include="..\common\defs.h">
      <Filter>Header Files</Filter>
    </ClInclude>
    <ClInclude Include="..\common\init_model.hpp">
      <Filter>Header Files</Filter>
    </ClInclude>
    <ClInclude Include="..\libs\refresh\compression\zstd_wrapper.h">
      <Filter>Header Files</Filter>
    </ClInclude>
    <ClInclude Include="..\core\version.h">
      <Filter>Header Files</Filter>
    </ClInclude>
    <ClInclude Include="..\core\params.h">
      <Filter>Header Files</Filter>
    </ClInclude>
    <ClInclude Include="..\core\collection.h">
      <Filter>Header Files</Filter>
    </ClInclude>
    <ClInclude Include="..\compressors\cif-compressor.h">
      <Filter>Header Files</Filter>
    </ClInclude>
    <ClInclude Include="..\compressors\serializer.h">
      <Filter>Header Files</Filter>
    </ClInclude>
    <ClInclude Include="..\core\utils.h">
      <Filter>Header Files</Filter>
    </ClInclude>
    <ClInclude Include="..\compressors\model_compress.h">
      <Filter>Header Files</Filter>
    </ClInclude>
    <ClInclude Include="..\core\io.h">
      <Filter>Header Files</Filter>
    </ClInclude>
    <ClInclude Include="..\parsers\json.h">
      <Filter>Header Files</Filter>
    </ClInclude>
    <ClInclude Include="..\compressors\pae-compressor.h">
      <Filter>Header Files</Filter>
    </ClInclude>
    <ClInclude Include="..\compressors\matrix.h">
      <Filter>Header Files</Filter>
    </ClInclude>
    <ClInclude Include="..\compressors\pdb-compressor.h">
      <Filter>Header Files</Filter>
    </ClInclude>
    <ClInclude Include="..\compressors\struct-compressor.h">
      <Filter>Header Files</Filter>
    </ClInclude>
    <ClInclude Include="..\compressors\conf-compressor.h">
      <Filter>Header Files</Filter>
    </ClInclude>
    <ClInclude Include="..\3rd-party\dependencies-zlib\zlib.h">
      <Filter>Library Files</Filter>
    </ClInclude>
    <ClInclude Include="..\3rd-party\dependencies-zstd\lib\zstd.h">
      <Filter>Library Files</Filter>
    </ClInclude>
    <ClInclude Include="..\libs\refresh\range_coder\rc_engine.h">
      <Filter>Header Files</Filter>
    </ClInclude>
    <ClInclude Include="..\common\tetrahedron.h">
      <Filter>Header Files</Filter>
    </ClInclude>
    <ClInclude Include="..\parsers\columns.h">
      <Filter>Header Files</Filter>
    </ClInclude>
    <ClInclude Include="..\parsers\conversion.h">
      <Filter>Header Files</Filter>
    </ClInclude>
    <ClInclude Include="..\parsers\entries.h">
      <Filter>Header Files</Filter>
    </ClInclude>
    <ClInclude Include="..\core\psa_base.h">
      <Filter>Header Files</Filter>
    </ClInclude>
    <ClInclude Include="..\core\psa_compressor.h">
      <Filter>Header Files</Filter>
    </ClInclude>
    <ClInclude Include="..\core\psa_decompressor.h">
      <Filter>Header Files</Filter>
    </ClInclude>
    <ClInclude Include="..\core\psa_decompressor_library.h">
      <Filter>Header Files</Filter>
    </ClInclude>
    <ClInclude Include="..\libs\refresh\tar\tar.h">
      <Filter>Header Files</Filter>
    </ClInclude>
    <ClInclude Include="..\parsers\json_base.h">
      <Filter>Header Files</Filter>
    </ClInclude>
    <ClInclude Include="..\compressors\struct-decompressor.h">
      <Filter>Header Files</Filter>
    </ClInclude>
    <ClInclude Include="..\compressors\struct-base.h">
      <Filter>Header Files</Filter>
    </ClInclude>
    <ClInclude Include="..\parsers\input-base.h">
      <Filter>Header Files</Filter>
    </ClInclude>
    <ClInclude Include="..\parsers\input-load.h">
      <Filter>Header Files</Filter>
    </ClInclude>
    <ClInclude Include="..\parsers\input-save.h">
      <Filter>Header Files</Filter>
    </ClInclude>
    <ClInclude Include="..\compressors\ext-dict-base.h">
      <Filter>Header Files</Filter>
    </ClInclude>
    <ClInclude Include="..\compressors\ext-dict-cif.h">
      <Filter>Header Files</Filter>
    </ClInclude>
    <ClInclude Include="..\compressors\ext-dict-pdb.h">
      <Filter>Header Files</Filter>
    </ClInclude>
    <ClInclude Include="..\compressors\cif-decompressor.h">
      <Filter>Header Files</Filter>
    </ClInclude>
    <ClInclude Include="..\compressors\pdb-decompressor.h">
      <Filter>Header Files</Filter>
    </ClInclude>
    <ClInclude Include="..\parsers\cif-base.h">
      <Filter>Header Files</Filter>
    </ClInclude>
    <ClInclude Include="..\parsers\cif-input.h">
      <Filter>Header Files</Filter>
    </ClInclude>
    <ClInclude Include="..\parsers\cif-output.h">
      <Filter>Header Files</Filter>
    </ClInclude>
    <ClInclude Include="..\parsers\pdb-base.h">
      <Filter>Header Files</Filter>
    </ClInclude>
    <ClInclude Include="..\parsers\pdb-input.h">
      <Filter>Header Files</Filter>
    </ClInclude>
    <ClInclude Include="..\parsers\pdb-output.h">
      <Filter>Header Files</Filter>
    </ClInclude>
  </ItemGroup>
</Project>