<?xml version="1.0" encoding="utf-8"?>
<Project ToolsVersion="4.0" xmlns="http://schemas.microsoft.com/developer/msbuild/2003">
  <ItemGroup>
    <Filter Include="Source Files">
      <UniqueIdentifier>{4FC737F1-C7A5-4376-A066-2A32D752A2FF}</UniqueIdentifier>
      <Extensions>cpp;c;cc;cxx;c++;cppm;ixx;def;odl;idl;hpj;bat;asm;asmx</Extensions>
    </Filter>
    <Filter Include="Resource Files">
      <UniqueIdentifier>{67DA6AB6-F800-4c08-8B7A-83BB121AAD01}</UniqueIdentifier>
      <Extensions>rc;ico;cur;bmp;dlg;rc2;rct;bin;rgs;gif;jpg;jpeg;jpe;resx;tiff;tif;png;wav;mfcribbon-ms</Extensions>
    </Filter>
  </ItemGroup>
  <ItemGroup>
    <ClCompile Include="main.cpp">
      <Filter>Source Files</Filter>
    </ClCompile>
    <ClCompile Include="..\parsers\conversion.cpp">
      <Filter>Source Files</Filter>
    </ClCompile>
    <ClCompile Include="..\core\utils.cpp">
      <Filter>Source Files</Filter>
    </ClCompile>
    <ClCompile Include="..\parsers\cif-input.cpp">
      <Filter>Source Files</Filter>
    </ClCompile>
    <ClCompile Include="..\parsers\cif-output.cpp">
      <Filter>Source Files</Filter>
    </ClCompile>
    <ClCompile Include="..\parsers\input-load.cpp">
      <Filter>Source Files</Filter>
    </ClCompile>
    <ClCompile Include="..\parsers\pdb-input.cpp">
      <Filter>Source Files</Filter>
    </ClCompile>
    <ClCompile Include="..\parsers\pdb-output.cpp">
      <Filter>Source Files</Filter>
    </ClCompile>
  </ItemGroup>
  <ItemGroup>
    <ClInclude Include="..\core\io.h">
      <Filter>Source Files</Filter>
    </ClInclude>
    <ClInclude Include="..\parsers\columns.h">
      <Filter>Source Files</Filter>
    </ClInclude>
    <ClInclude Include="..\parsers\conversion.h">
      <Filter>Source Files</Filter>
    </ClInclude>
    <ClInclude Include="..\parsers\entries.h">
      <Filter>Source Files</Filter>
    </ClInclude>
    <ClInclude Include="..\parsers\cif-base.h">
      <Filter>Source Files</Filter>
    </ClInclude>
    <ClInclude Include="..\parsers\cif-input.h">
      <Filter>Source Files</Filter>
    </ClInclude>
    <ClInclude Include="..\parsers\cif-output.h">
      <Filter>Source Files</Filter>
    </ClInclude>
    <ClInclude Include="..\parsers\input-base.h">
      <Filter>Source Files</Filter>
    </ClInclude>
    <ClInclude Include="..\parsers\input-load.h">
      <Filter>Source Files</Filter>
    </ClInclude>
    <ClInclude Include="..\parsers\input-save.h">
      <Filter>Source Files</Filter>
    </ClInclude>
    <ClInclude Include="..\parsers\pdb-base.h">
      <Filter>Source Files</Filter>
    </ClInclude>
    <ClInclude Include="..\parsers\pdb-input.h">
      <Filter>Source Files</Filter>
    </ClInclude>
    <ClInclude Include="..\parsers\pdb-output.h">
      <Filter>Source Files</Filter>
    </ClInclude>
  </ItemGroup>
</Project>